
Microsoft Visual Studio Solution File, Format Version 12.00
# Visual Studio 2012
Project("{FAE04EC0-301F-11D3-BF4B-00C04F79EFBC}") = "NextbusNET", "NextbusNET\NextbusNET.csproj", "{7D3A5DC1-7F05-4273-91DD-ACAFEEE3C86C}"
EndProject
Project("{FAE04EC0-301F-11D3-BF4B-00C04F79EFBC}") = "NextbusNET.Tests", "NextbusNET.Tests\NextbusNET.Tests.csproj", "{F705EEB1-2A37-4198-A525-96DE5BABA82F}"
EndProject
Project("{FAE04EC0-301F-11D3-BF4B-00C04F79EFBC}") = "NextbusNET4.5", "NextbusNET4.5\NextbusNET4.5.csproj", "{D152715B-674D-400F-B2F7-DB5947A91C62}"
EndProject
Global
	GlobalSection(SolutionConfigurationPlatforms) = preSolution
		Debug|Any CPU = Debug|Any CPU
		Release|Any CPU = Release|Any CPU
	EndGlobalSection
	GlobalSection(ProjectConfigurationPlatforms) = postSolution
		{7D3A5DC1-7F05-4273-91DD-ACAFEEE3C86C}.Debug|Any CPU.ActiveCfg = Debug|Any CPU
		{7D3A5DC1-7F05-4273-91DD-ACAFEEE3C86C}.Debug|Any CPU.Build.0 = Debug|Any CPU
		{7D3A5DC1-7F05-4273-91DD-ACAFEEE3C86C}.Release|Any CPU.ActiveCfg = Release|Any CPU
		{7D3A5DC1-7F05-4273-91DD-ACAFEEE3C86C}.Release|Any CPU.Build.0 = Release|Any CPU
		{D152715B-674D-400F-B2F7-DB5947A91C62}.Debug|Any CPU.ActiveCfg = Debug|Any CPU
		{D152715B-674D-400F-B2F7-DB5947A91C62}.Debug|Any CPU.Build.0 = Debug|Any CPU
		{D152715B-674D-400F-B2F7-DB5947A91C62}.Release|Any CPU.ActiveCfg = Release|Any CPU
		{D152715B-674D-400F-B2F7-DB5947A91C62}.Release|Any CPU.Build.0 = Release|Any CPU
		{F705EEB1-2A37-4198-A525-96DE5BABA82F}.Debug|Any CPU.ActiveCfg = Debug|Any CPU
		{F705EEB1-2A37-4198-A525-96DE5BABA82F}.Debug|Any CPU.Build.0 = Debug|Any CPU
		{F705EEB1-2A37-4198-A525-96DE5BABA82F}.Release|Any CPU.ActiveCfg = Release|Any CPU
		{F705EEB1-2A37-4198-A525-96DE5BABA82F}.Release|Any CPU.Build.0 = Release|Any CPU
	EndGlobalSection
	GlobalSection(SolutionProperties) = preSolution
		HideSolutionNode = FALSE
	EndGlobalSection
EndGlobal
